hash: bd13dc7ea5b901780c1d2e11f706b427f9dad56aca17cad813642f3db62001cd
updated: 2017-11-09T18:10:47.535160345+01:00
imports:
- name: github.com/beorn7/perks
  version: 4c0e84591b9aa9e6dcfdf3e020114cd81f89d5f9
  subpackages:
  - quantile
- name: github.com/boltdb/bolt
  version: 2f1ce7a837dcb8da3ec595b1dac9d0632f0f99e8
- name: github.com/braintree/manners
  version: 0b5e6b2c2843f4c83c2a40f96980b09cf4af733c
- name: github.com/davecgh/go-spew
  version: 04cdfd42973bb9c8589fd6a731800cf222fde1a9
  subpackages:
  - spew
- name: github.com/elazarl/go-bindata-assetfs
  version: 30f82fa23fd844bd5bb1e5f216db87fd77b5eb43
- name: github.com/gogo/protobuf
  version: 100ba4e885062801d56799d78530b73b178a78f3
  subpackages:
  - proto
- name: github.com/golang/glog
  version: 23def4e6c14b4da8ac2ed8007337bc5eb5007998
- name: github.com/golang/protobuf
  version: 1643683e1b54a9e88ad26d98f81400c8c9d9f4f9
  subpackages:
  - proto
- name: github.com/gorilla/context
  version: 08b5f424b9271eedf6f9f0ce86cb9396ed337a42
- name: github.com/gorilla/mux
  version: bcd8bc72b08df0f70df986b97f95590779502d31
- name: github.com/gorilla/schema
  version: e6c82218a8b3ed3cbeb5407429849c0b0b597d40
- name: github.com/jacobsa/oglematchers
  version: 141901ea67cd4769c6800aa7bfdfc558fa22bda5
- name: github.com/kardianos/osext
  version: ae77be60afb1dcacde03767a8c37337fad28ac14
- name: github.com/kelseyhightower/envconfig
  version: f611eb38b3875cc3bd991ca91c51d06446afa14c
- name: github.com/matttproud/golang_protobuf_extensions
  version: c12348ce28de40eed0136aa2b644d0ee0650e56c
  subpackages:
  - pbutil
- name: github.com/mesos/mesos-go
  version: f2cd423e881bdfb0658479ca4ef433e30f4906cd
  subpackages:
  - api/v0/auth
  - api/v0/auth/callback
  - api/v0/auth/sasl
  - api/v0/auth/sasl/mech
  - api/v0/auth/sasl/mech/crammd5
  - api/v0/detector
  - api/v0/detector/zoo
  - api/v0/mesosproto
  - api/v0/mesosproto/scheduler
  - api/v0/mesosutil
  - api/v0/mesosutil/process
  - api/v0/messenger
  - api/v0/messenger/sessionid
  - api/v0/scheduler
  - api/v0/upid
- name: github.com/pborman/uuid
  version: a97ce2ca70fa5a848076093f05e639a89ca34d06
- name: github.com/pmezard/go-difflib
  version: d8ed2627bdf02c080bf22230dbb337003b7aba2d
  subpackages:
  - difflib
- name: github.com/prometheus/client_golang
  version: c5b7fccd204277076155f10851dad72b76a49317
  subpackages:
  - prometheus
- name: github.com/prometheus/client_model
  version: 6f3806018612930941127f2a7c6c453ba2c527d2
  subpackages:
  - go
- name: github.com/prometheus/common
  version: e3fb1a1acd7605367a2b378bc2e2f893c05174b7
  subpackages:
  - expfmt
  - internal/bitbucket.org/ww/goautoneg
  - model
- name: github.com/prometheus/procfs
  version: a6e9df898b1336106c743392c48ee0b71f5c4efa
  subpackages:
  - xfs
- name: github.com/samuel/go-zookeeper
  version: 9a96098268ef555eb1f04d8b1ee813d0a87e5089
  subpackages:
  - zk
- name: github.com/Sirupsen/logrus
  version: f006c2ac4710855cf0f916dd6b77acf6b048dc6e
- name: github.com/stretchr/objx
  version: cbeaeb16a013161a98496fad62933b1d21786672
- name: github.com/stretchr/testify
  version: 69483b4bd14f5845b5a1e55bca19e954e827f1d0
  subpackages:
  - assert
  - mock
- name: golang.org/x/crypto
  version: 6a293f2d4b14b8e6d3f0539e383f6d0d30fce3fd
  subpackages:
  - ssh/terminal
- name: golang.org/x/net
  version: a337091b0525af65de94df2eb7e98bd9962dcbe2
  subpackages:
  - context
- name: golang.org/x/sys
  version: 4b45465282a4624cf39876842a017334f13b8aff
  subpackages:
  - unix
  - windows
- name: gopkg.in/yaml.v2
  version: eb3733d160e74a9c7e442f435eb3bea458e1d19f
testImports:
- name: github.com/gopherjs/gopherjs
  version: 444abdf920945de5d4a977b572bcc6c674d1e4eb
  subpackages:
  - js
- name: github.com/jtolds/gls
  version: 77f18212c9c7edc9bd6a33d383a7b545ce62f064
- name: github.com/smartystreets/assertions
  version: 0b37b35ec7434b77e77a4bb29b79677cced992ea
  subpackages:
  - internal/go-render/render
  - internal/oglematchers
- name: github.com/smartystreets/goconvey
  version: 9e8dc3f972df6c8fcc0375ef492c24d0bb204857
  subpackages:
  - convey
  - convey/gotest
  - convey/reporting
